
Microsoft Visual Studio Solution File, Format Version 12.00
# Visual Studio Version 17
VisualStudioVersion = 17.4.33205.214
MinimumVisualStudioVersion = 10.0.40219.1
Project("{FAE04EC0-301F-11D3-BF4B-00C04F79EFBC}") = "PizzaOrderSystemBackEnd", "PizzaOrderSystemBackEnd\PizzaOrderSystemBackEnd.csproj", "{7DE7434B-B811-42BC-8892-157601151FD4}"
EndProject
Project("{FAE04EC0-301F-11D3-BF4B-00C04F79EFBC}") = "PizzaOrderSystemUnitTests", "PizzaORderSystemUnitTests\PizzaOrderSystemUnitTests.csproj", "{BD613CAA-09B7-460F-8B4D-E7760A13854F}"
EndProject
Global
	GlobalSection(SolutionConfigurationPlatforms) = preSolution
		Debug|Any CPU = Debug|Any CPU
		Release|Any CPU = Release|Any CPU
	EndGlobalSection
	GlobalSection(ProjectConfigurationPlatforms) = postSolution
		{7DE7434B-B811-42BC-8892-157601151FD4}.Debug|Any CPU.ActiveCfg = Debug|Any CPU
		{7DE7434B-B811-42BC-8892-157601151FD4}.Debug|Any CPU.Build.0 = Debug|Any CPU
		{7DE7434B-B811-42BC-8892-157601151FD4}.Release|Any CPU.ActiveCfg = Release|Any CPU
		{7DE7434B-B811-42BC-8892-157601151FD4}.Release|Any CPU.Build.0 = Release|Any CPU
		{BD613CAA-09B7-460F-8B4D-E7760A13854F}.Debug|Any CPU.ActiveCfg = Debug|Any CPU
		{BD613CAA-09B7-460F-8B4D-E7760A13854F}.Debug|Any CPU.Build.0 = Debug|Any CPU
		{BD613CAA-09B7-460F-8B4D-E7760A13854F}.Release|Any CPU.ActiveCfg = Release|Any CPU
		{BD613CAA-09B7-460F-8B4D-E7760A13854F}.Release|Any CPU.Build.0 = Release|Any CPU
	EndGlobalSection
	GlobalSection(SolutionProperties) = preSolution
		HideSolutionNode = FALSE
	EndGlobalSection
	GlobalSection(ExtensibilityGlobals) = postSolution
		SolutionGuid = {BDA2A39F-091E-4B4A-8FF6-BE54A1DBD18C}
	EndGlobalSection
EndGlobal
